
Microsoft Visual Studio Solution File, Format Version 12.00
# Visual Studio Version 17
VisualStudioVersion = 17.8.34316.72
MinimumVisualStudioVersion = 10.0.40219.1
Project("{FAE04EC0-301F-11D3-BF4B-00C04F79EFBC}") = "Console Chatbot", "Console Chatbot\Console Chatbot.csproj", "{BC5C671F-9671-4896-8719-9D08365F6AA5}"
EndProject
Project("{FAE04EC0-301F-11D3-BF4B-00C04F79EFBC}") = "ClassLibraryChatbot", "ClassLibraryChatbot\ClassLibraryChatbot.csproj", "{72A350AB-15B1-466B-8DA0-393AF37E3791}"
EndProject
Global
	GlobalSection(SolutionConfigurationPlatforms) = preSolution
		Debug|Any CPU = Debug|Any CPU
		Release|Any CPU = Release|Any CPU
	EndGlobalSection
	GlobalSection(ProjectConfigurationPlatforms) = postSolution
		{BC5C671F-9671-4896-8719-9D08365F6AA5}.Debug|Any CPU.ActiveCfg = Debug|Any CPU
		{BC5C671F-9671-4896-8719-9D08365F6AA5}.Debug|Any CPU.Build.0 = Debug|Any CPU
		{BC5C671F-9671-4896-8719-9D08365F6AA5}.Release|Any CPU.ActiveCfg = Release|Any CPU
		{BC5C671F-9671-4896-8719-9D08365F6AA5}.Release|Any CPU.Build.0 = Release|Any CPU
		{72A350AB-15B1-466B-8DA0-393AF37E3791}.Debug|Any CPU.ActiveCfg = Debug|Any CPU
		{72A350AB-15B1-466B-8DA0-393AF37E3791}.Debug|Any CPU.Build.0 = Debug|Any CPU
		{72A350AB-15B1-466B-8DA0-393AF37E3791}.Release|Any CPU.ActiveCfg = Release|Any CPU
		{72A350AB-15B1-466B-8DA0-393AF37E3791}.Release|Any CPU.Build.0 = Release|Any CPU
	EndGlobalSection
	GlobalSection(SolutionProperties) = preSolution
		HideSolutionNode = FALSE
	EndGlobalSection
	GlobalSection(ExtensibilityGlobals) = postSolution
		SolutionGuid = {72BF296C-F501-44F2-805B-1F8A8B7871D7}
	EndGlobalSection
EndGlobal
